{
  "requires": true,
  "lockfileVersion": 1,
  "dependencies": {
    "@formulajs/formulajs": {
      "version": "3.1.8",
      "resolved": "https://registry.npmjs.org/@formulajs/formulajs/-/formulajs-3.1.8.tgz",
      "integrity": "sha512-btbnwITHwvNbjYpo1zwBI7Yn/BipD/mgZil7uwOE2J3GyqH2FtJIHy4sg0L3R+tagREKD02YHNJ7+Ps9IcifYw==",
      "requires": {
        "bessel": "^1.0.2",
        "jstat": "^1.9.5"
      }
    },
    "bessel": {
      "version": "1.0.2",
      "resolved": "https://registry.npmjs.org/bessel/-/bessel-1.0.2.tgz",
      "integrity": "sha512-Al3nHGQGqDYqqinXhQzmwmcRToe/3WyBv4N8aZc5Pef8xw2neZlR9VPi84Sa23JtgWcucu18HxVZrnI0fn2etw=="
    },
    "chart.js": {
      "version": "4.0.1",
      "resolved": "https://registry.npmjs.org/chart.js/-/chart.js-4.0.1.tgz",
      "integrity": "sha512-5/8/9eBivwBZK81mKvmIwTb2Pmw4D/5h1RK9fBWZLLZ8mCJ+kfYNmV9rMrGoa5Hgy2/wVDBMLSUDudul2/9ihA=="
    },
    "jstat": {
      "version": "1.9.6",
      "resolved": "https://registry.npmjs.org/jstat/-/jstat-1.9.6.tgz",
      "integrity": "sha512-rPBkJbK2TnA8pzs93QcDDPlKcrtZWuuCo2dVR0TFLOJSxhqfWOVCSp8aV3/oSbn+4uY4yw1URtLpHQedtmXfug=="
    }
  }
}
